
Microsoft Visual Studio Solution File, Format Version 12.00
# Visual Studio Version 17
VisualStudioVersion = 17.9.34310.174
MinimumVisualStudioVersion = 10.0.40219.1
Project("{FAE04EC0-301F-11D3-BF4B-00C04F79EFBC}") = "Amazon.EC2.Hosting.Example", "Amazon.EC2.Hosting.Example\Amazon.EC2.Hosting.Example.csproj", "{4256C6EA-C338-4ACC-80E6-645815DC95C4}"
EndProject
Global
	GlobalSection(SolutionConfigurationPlatforms) = preSolution
		Debug|Any CPU = Debug|Any CPU
		Release|Any CPU = Release|Any CPU
	EndGlobalSection
	GlobalSection(ProjectConfigurationPlatforms) = postSolution
		{4256C6EA-C338-4ACC-80E6-645815DC95C4}.Debug|Any CPU.ActiveCfg = Debug|Any CPU
		{4256C6EA-C338-4ACC-80E6-645815DC95C4}.Debug|Any CPU.Build.0 = Debug|Any CPU
		{4256C6EA-C338-4ACC-80E6-645815DC95C4}.Release|Any CPU.ActiveCfg = Release|Any CPU
		{4256C6EA-C338-4ACC-80E6-645815DC95C4}.Release|Any CPU.Build.0 = Release|Any CPU
	EndGlobalSection
	GlobalSection(SolutionProperties) = preSolution
		HideSolutionNode = FALSE
	EndGlobalSection
	GlobalSection(ExtensibilityGlobals) = postSolution
		SolutionGuid = {7B48FCCD-6780-4C6D-894E-01E7C6DC6AB5}
	EndGlobalSection
EndGlobal
